
Microsoft Visual Studio Solution File, Format Version 12.00
# Visual Studio Version 16
VisualStudioVersion = 16.0.31205.134
MinimumVisualStudioVersion = 10.0.40219.1
Project("{FAE04EC0-301F-11D3-BF4B-00C04F79EFBC}") = "WorkwithFiles", "WorkwithFiles\WorkwithFiles.csproj", "{A99FF3B2-479C-4F5B-BDC2-A4F864A0EE4A}"
EndProject
Project("{FAE04EC0-301F-11D3-BF4B-00C04F79EFBC}") = "CreateFiles", "CreateFiles\CreateFiles.csproj", "{16A95195-9676-4036-8632-9744FD92071B}"
EndProject
Global
	GlobalSection(SolutionConfigurationPlatforms) = preSolution
		Debug|Any CPU = Debug|Any CPU
		Release|Any CPU = Release|Any CPU
	EndGlobalSection
	GlobalSection(ProjectConfigurationPlatforms) = postSolution
		{A99FF3B2-479C-4F5B-BDC2-A4F864A0EE4A}.Debug|Any CPU.ActiveCfg = Debug|Any CPU
		{A99FF3B2-479C-4F5B-BDC2-A4F864A0EE4A}.Debug|Any CPU.Build.0 = Debug|Any CPU
		{A99FF3B2-479C-4F5B-BDC2-A4F864A0EE4A}.Release|Any CPU.ActiveCfg = Release|Any CPU
		{A99FF3B2-479C-4F5B-BDC2-A4F864A0EE4A}.Release|Any CPU.Build.0 = Release|Any CPU
		{16A95195-9676-4036-8632-9744FD92071B}.Debug|Any CPU.ActiveCfg = Debug|Any CPU
		{16A95195-9676-4036-8632-9744FD92071B}.Debug|Any CPU.Build.0 = Debug|Any CPU
		{16A95195-9676-4036-8632-9744FD92071B}.Release|Any CPU.ActiveCfg = Release|Any CPU
		{16A95195-9676-4036-8632-9744FD92071B}.Release|Any CPU.Build.0 = Release|Any CPU
	EndGlobalSection
	GlobalSection(SolutionProperties) = preSolution
		HideSolutionNode = FALSE
	EndGlobalSection
	GlobalSection(ExtensibilityGlobals) = postSolution
		SolutionGuid = {0189D0E1-229E-4CEC-AA2C-4B4263F03420}
	EndGlobalSection
EndGlobal
